<?xml version="1.0" encoding="UTF-8" standalone="yes" ?>
<CodeBlocks_project_file>
	<FileVersion major="1" minor="6" />
	<Project>
		<Option title="JerrysAdventure" />
		<Option pch_mode="2" />
		<Option compiler="gcc" />
		<Build>
			<Target title="Debug">
				<Option output="bin/Debug/JerrysAdventure" prefix_auto="1" extension_auto="1" />
				<Option object_output="obj/Debug/" />
				<Option type="1" />
				<Option compiler="gcc" />
				<Compiler>
					<Add option="-g" />
					<Add directory="../test" />
					<Add directory="../include" />
					<Add directory="include" />
					<Add directory="test" />
				</Compiler>
				<Linker>
					<Add option="-lcppunit" />
				</Linker>
			</Target>
			<Target title="Release">
				<Option output="bin/Release/JerrysAdventure" prefix_auto="1" extension_auto="1" />
				<Option object_output="obj/Release/" />
				<Option type="1" />
				<Option compiler="gcc" />
				<Compiler>
					<Add option="-O2" />
					<Add directory="include" />
					<Add directory="test" />
				</Compiler>
				<Linker>
					<Add option="-s" />
				</Linker>
			</Target>
		</Build>
		<Compiler>
			<Add option="-Wall" />
			<Add option="-std=c++11" />
			<Add directory="../include" />
			<Add directory="../test" />
		</Compiler>
		<Linker>
			<Add option="-lcppunit" />
		</Linker>
		<Unit filename="../include/Action.h" />
		<Unit filename="../include/ChangeRoom.h" />
		<Unit filename="../include/Character.h" />
		<Unit filename="../include/CharacterAction.h" />
		<Unit filename="../include/CharacterData.h" />
		<Unit filename="../include/CharacterDataParser.h" />
		<Unit filename="../include/ConsoleInterface.h" />
		<Unit filename="../include/CouncilXMLParser.h" />
		<Unit filename="../include/Exceptions.h" />
		<Unit filename="../include/IAgent.h" />
		<Unit filename="../include/Inventory.h" />
		<Unit filename="../include/Item.h" />
		<Unit filename="../include/Level.h" />
		<Unit filename="../include/Menu.h" />
		<Unit filename="../include/NPC.h" />
		<Unit filename="../include/PlayableCharacter.h" />
		<Unit filename="../include/PrintList.h" />
		<Unit filename="../include/Room.h" />
		<Unit filename="../include/RoomAction.h" />
		<Unit filename="../include/RoomData.h" />
		<Unit filename="../include/RoomXMLParser.h" />
		<Unit filename="../include/SaveData.h" />
		<Unit filename="../include/Talk.h" />
		<Unit filename="../include/TextBox.h" />
		<Unit filename="../include/Window.h" />
		<Unit filename="../include/XMLLoadData.h" />
		<Unit filename="../include/XMLSaveData.h" />
		<Unit filename="../src/Action.cpp" />
		<Unit filename="../src/ChangeRoom.cpp" />
		<Unit filename="../src/Character.cpp" />
		<Unit filename="../src/CharacterAction.cpp" />
		<Unit filename="../src/CharacterDataParser.cpp" />
		<Unit filename="../src/ConsoleInterface.cpp" />
		<Unit filename="../src/CouncilXMLParser.cpp" />
		<Unit filename="../src/Inventory.cpp" />
		<Unit filename="../src/InventoryTest.cpp" />
		<Unit filename="../src/Item.cpp" />
		<Unit filename="../src/ItemsTest.cpp" />
		<Unit filename="../src/Level.cpp" />
		<Unit filename="../src/Menu.cpp" />
		<Unit filename="../src/NPC.cpp" />
		<Unit filename="../src/PlayableCharacter.cpp" />
		<Unit filename="../src/PrintList.cpp" />
		<Unit filename="../src/Room.cpp" />
		<Unit filename="../src/RoomAction.cpp" />
		<Unit filename="../src/RoomXMLParser.cpp" />
		<Unit filename="../src/SaveData.cpp" />
		<Unit filename="../src/Talk.cpp" />
		<Unit filename="../src/TextBox.cpp" />
		<Unit filename="../src/Window.cpp" />
		<Unit filename="../src/XMLLoadData.cpp" />
		<Unit filename="../src/XMLSaveData.cpp" />
		<Unit filename="../src/main.cpp" />
		<Unit filename="../src/tinyxml2.cpp" />
		<Unit filename="../test/ActionTest.cpp" />
		<Unit filename="../test/ActionTest.h" />
		<Unit filename="../test/ChangeRoomTest.cpp" />
		<Unit filename="../test/ChangeRoomTest.h" />
		<Unit filename="../test/CharacterTest.cpp" />
		<Unit filename="../test/CharacterTest.h" />
		<Unit filename="../test/ConsoleInterfaceTest.cpp" />
		<Unit filename="../test/ConsoleInterfaceTest.h" />
		<Unit filename="../test/InventoryTest.h" />
		<Unit filename="../test/ItemsTest.h" />
		<Unit filename="../test/LevelTest.cpp" />
		<Unit filename="../test/LevelTest.h" />
		<Unit filename="../test/NPCTest.cpp" />
		<Unit filename="../test/NPCTest.h" />
		<Unit filename="../test/PlayableCharacterTest.cpp" />
		<Unit filename="../test/PlayableCharacterTest.h" />
		<Unit filename="../test/PrintListTest.cpp" />
		<Unit filename="../test/PrintListTest.h" />
		<Unit filename="../test/RoomXMLParserTest.cpp" />
		<Unit filename="../test/RoomXMLParserTest.h" />
		<Unit filename="../test/TalkTest.cpp" />
		<Unit filename="../test/TalkTest.h" />
		<Unit filename="../test/TextBoxTest.cpp" />
		<Unit filename="../test/TextBoxTest.h" />
		<Unit filename="../test/WindowTest.cpp" />
		<Unit filename="../test/WindowTest.h" />
		<Unit filename="../test/XMLSaveDataTest.cpp" />
		<Unit filename="../test/XMLSaveDataTest.h" />
		<Extensions>
			<code_completion />
			<envvars />
			<debugger />
			<lib_finder disable_auto="1" />
			<DoxyBlocks>
				<comment_style block="0" line="0" />
				<doxyfile_project />
				<doxyfile_build extract_all="1" />
				<doxyfile_warnings />
				<doxyfile_output />
				<doxyfile_dot />
				<general />
			</DoxyBlocks>
		</Extensions>
	</Project>
</CodeBlocks_project_file>
